
Microsoft Visual Studio Solution File, Format Version 12.00
# Visual Studio Version 17
VisualStudioVersion = 17.5.002.0
MinimumVisualStudioVersion = 10.0.40219.1
Project("{9A19103F-16F7-4668-BE54-9A1E7A4F7556}") = "SixthHomeWork", "SixthHomeWork.csproj", "{65A741AE-E8E9-4DD0-8672-9D73E06A803A}"
EndProject
Global
	GlobalSection(SolutionConfigurationPlatforms) = preSolution
		Debug|Any CPU = Debug|Any CPU
		Release|Any CPU = Release|Any CPU
	EndGlobalSection
	GlobalSection(ProjectConfigurationPlatforms) = postSolution
		{65A741AE-E8E9-4DD0-8672-9D73E06A803A}.Debug|Any CPU.ActiveCfg = Debug|Any CPU
		{65A741AE-E8E9-4DD0-8672-9D73E06A803A}.Debug|Any CPU.Build.0 = Debug|Any CPU
		{65A741AE-E8E9-4DD0-8672-9D73E06A803A}.Release|Any CPU.ActiveCfg = Release|Any CPU
		{65A741AE-E8E9-4DD0-8672-9D73E06A803A}.Release|Any CPU.Build.0 = Release|Any CPU
	EndGlobalSection
	GlobalSection(SolutionProperties) = preSolution
		HideSolutionNode = FALSE
	EndGlobalSection
	GlobalSection(ExtensibilityGlobals) = postSolution
		SolutionGuid = {F1E64CBF-6E36-402F-AC5E-230BDD8AB46F}
	EndGlobalSection
EndGlobal
